
Microsoft Visual Studio Solution File, Format Version 12.00
# Visual Studio Version 17
VisualStudioVersion = 17.7.34009.444
MinimumVisualStudioVersion = 10.0.40219.1
Project("{FAE04EC0-301F-11D3-BF4B-00C04F79EFBC}") = "WebUygulamaProjesi1", "WebUygulamaProjesi1\WebUygulamaProjesi1.csproj", "{183D8329-3741-4354-9DE7-18EC00391AB6}"
EndProject
Global
	GlobalSection(SolutionConfigurationPlatforms) = preSolution
		Debug|Any CPU = Debug|Any CPU
		Release|Any CPU = Release|Any CPU
	EndGlobalSection
	GlobalSection(ProjectConfigurationPlatforms) = postSolution
		{183D8329-3741-4354-9DE7-18EC00391AB6}.Debug|Any CPU.ActiveCfg = Debug|Any CPU
		{183D8329-3741-4354-9DE7-18EC00391AB6}.Debug|Any CPU.Build.0 = Debug|Any CPU
		{183D8329-3741-4354-9DE7-18EC00391AB6}.Release|Any CPU.ActiveCfg = Release|Any CPU
		{183D8329-3741-4354-9DE7-18EC00391AB6}.Release|Any CPU.Build.0 = Release|Any CPU
	EndGlobalSection
	GlobalSection(SolutionProperties) = preSolution
		HideSolutionNode = FALSE
	EndGlobalSection
	GlobalSection(ExtensibilityGlobals) = postSolution
		SolutionGuid = {6509D644-F2F9-41D7-A512-67F990A8F81E}
	EndGlobalSection
EndGlobal
